
Microsoft Visual Studio Solution File, Format Version 12.00
# Visual Studio Express 2012 for Windows Desktop
Project("{FAE04EC0-301F-11D3-BF4B-00C04F79EFBC}") = "OOP_Song", "OOP_Song\OOP_Song.csproj", "{B42769D5-F936-4C04-8BBC-1924F5D8849B}"
EndProject
Project("{FAE04EC0-301F-11D3-BF4B-00C04F79EFBC}") = "Tests", "Tests\Tests.csproj", "{377B4459-8071-4FBC-BC12-8EBD45E5E994}"
EndProject
Global
	GlobalSection(SolutionConfigurationPlatforms) = preSolution
		Debug|Any CPU = Debug|Any CPU
		Release|Any CPU = Release|Any CPU
	EndGlobalSection
	GlobalSection(ProjectConfigurationPlatforms) = postSolution
		{B42769D5-F936-4C04-8BBC-1924F5D8849B}.Debug|Any CPU.ActiveCfg = Debug|Any CPU
		{B42769D5-F936-4C04-8BBC-1924F5D8849B}.Debug|Any CPU.Build.0 = Debug|Any CPU
		{B42769D5-F936-4C04-8BBC-1924F5D8849B}.Release|Any CPU.ActiveCfg = Release|Any CPU
		{B42769D5-F936-4C04-8BBC-1924F5D8849B}.Release|Any CPU.Build.0 = Release|Any CPU
		{377B4459-8071-4FBC-BC12-8EBD45E5E994}.Debug|Any CPU.ActiveCfg = Debug|Any CPU
		{377B4459-8071-4FBC-BC12-8EBD45E5E994}.Debug|Any CPU.Build.0 = Debug|Any CPU
		{377B4459-8071-4FBC-BC12-8EBD45E5E994}.Release|Any CPU.ActiveCfg = Release|Any CPU
		{377B4459-8071-4FBC-BC12-8EBD45E5E994}.Release|Any CPU.Build.0 = Release|Any CPU
	EndGlobalSection
	GlobalSection(SolutionProperties) = preSolution
		HideSolutionNode = FALSE
	EndGlobalSection
EndGlobal
